
Microsoft Visual Studio Solution File, Format Version 12.00
# Visual Studio 14
VisualStudioVersion = 14.0.25420.1
MinimumVisualStudioVersion = 10.0.40219.1
Project("{2150E333-8FDC-42A3-9474-1A3956D46DE8}") = "Ignition", "Ignition", "{1659CB1D-D361-4970-BE66-25E8969B2851}"
EndProject
Project("{2150E333-8FDC-42A3-9474-1A3956D46DE8}") = "Core", "Core", "{6AF59D3B-125E-49FF-BC8F-9384D74BA2FD}"
EndProject
Project("{2150E333-8FDC-42A3-9474-1A3956D46DE8}") = "Data", "Data", "{1700BB90-81A7-458D-831E-6D137B62D8B8}"
EndProject
Project("{2150E333-8FDC-42A3-9474-1A3956D46DE8}") = "Infrastructure", "Infrastructure", "{875AC49E-F05E-48DB-A5FF-83ACBB09A9FD}"
EndProject
Project("{2150E333-8FDC-42A3-9474-1A3956D46DE8}") = "Presentation", "Presentation", "{81AC5347-25F5-4F72-A644-A6BB70500EB2}"
	ProjectSection(SolutionItems) = preProject
		Instruction.txt = Instruction.txt
	EndProjectSection
EndProject
Project("{2150E333-8FDC-42A3-9474-1A3956D46DE8}") = "Root", "Root", "{1C2DD8A6-E0A9-4BD0-9AB5-136C50FF779A}"
EndProject
Project("{FAE04EC0-301F-11D3-BF4B-00C04F79EFBC}") = "Ignition.Core", "Ignition.Core\Ignition.Core.csproj", "{A11ADF09-8215-4A20-8EDD-894C969E0669}"
EndProject
Project("{FAE04EC0-301F-11D3-BF4B-00C04F79EFBC}") = "Ignition.Data", "Ignition.Data\Ignition.Data.csproj", "{A2A67CBB-5A2A-4207-BFF6-0CD348379245}"
EndProject
Project("{FAE04EC0-301F-11D3-BF4B-00C04F79EFBC}") = "Ignition.Infrastructure", "Ignition.Infrastructure\Ignition.Infrastructure.csproj", "{6301E806-D84B-4678-AB6E-AACA3689113A}"
EndProject
Project("{FAE04EC0-301F-11D3-BF4B-00C04F79EFBC}") = "Ignition.Root", "Ignition.Root\Ignition.Root.csproj", "{9DC2D289-775B-47A4-BCCA-79A433A091DA}"
EndProject
Project("{FAE04EC0-301F-11D3-BF4B-00C04F79EFBC}") = "Ignition.Sc", "Ignition.Sc\Ignition.Sc.csproj", "{6937D0B9-3F0C-4A2F-8B07-62A7809A2161}"
EndProject
Project("{2150E333-8FDC-42A3-9474-1A3956D46DE8}") = ".unicorn", ".unicorn", "{61B2F786-9285-4547-B78A-CF9D0AE97DF0}"
EndProject
Project("{FAE04EC0-301F-11D3-BF4B-00C04F79EFBC}") = "Ignition.Unicorn", "Ignition.Unicorn\Ignition.Unicorn.csproj", "{E476304F-D323-42AB-A09D-E2A22B6CA623}"
EndProject
Project("{2150E333-8FDC-42A3-9474-1A3956D46DE8}") = "Tests", "Tests", "{D052C4CF-949A-419C-869F-8907D3F386EA}"
EndProject
Project("{FAE04EC0-301F-11D3-BF4B-00C04F79EFBC}") = "Ignition.UnitTests", "Ignition.UnitTests\Ignition.UnitTests.csproj", "{A1829C5E-2C9F-4DAA-8413-C58B74C5D494}"
EndProject
Project("{FAE04EC0-301F-11D3-BF4B-00C04F79EFBC}") = "Ignition.Mocks", "Ignition.Mocks\Ignition.Mocks.csproj", "{A0FD44F8-8139-44DD-94CA-2B491F53C82C}"
EndProject
Project("{FAE04EC0-301F-11D3-BF4B-00C04F79EFBC}") = "Ignition.IntegrationTests", "Ignition.IntegrationTests\Ignition.IntegrationTests.csproj", "{76E9EB04-27AC-4E56-A085-E5BA6EEA4608}"
EndProject
Project("{FAE04EC0-301F-11D3-BF4B-00C04F79EFBC}") = "Ignition.FormIgnition.Sc", "Ignition.FormIgnition.Sc\Ignition.FormIgnition.Sc.csproj", "{38E30617-7F9C-4E0D-8336-4CCD80F86EAF}"
EndProject
Global
	GlobalSection(SolutionConfigurationPlatforms) = preSolution
		Debug|Any CPU = Debug|Any CPU
		Release|Any CPU = Release|Any CPU
	EndGlobalSection
	GlobalSection(ProjectConfigurationPlatforms) = postSolution
		{A11ADF09-8215-4A20-8EDD-894C969E0669}.Debug|Any CPU.ActiveCfg = Debug|Any CPU
		{A11ADF09-8215-4A20-8EDD-894C969E0669}.Debug|Any CPU.Build.0 = Debug|Any CPU
		{A11ADF09-8215-4A20-8EDD-894C969E0669}.Release|Any CPU.ActiveCfg = Release|Any CPU
		{A11ADF09-8215-4A20-8EDD-894C969E0669}.Release|Any CPU.Build.0 = Release|Any CPU
		{A2A67CBB-5A2A-4207-BFF6-0CD348379245}.Debug|Any CPU.ActiveCfg = Debug|Any CPU
		{A2A67CBB-5A2A-4207-BFF6-0CD348379245}.Debug|Any CPU.Build.0 = Debug|Any CPU
		{A2A67CBB-5A2A-4207-BFF6-0CD348379245}.Release|Any CPU.ActiveCfg = Release|Any CPU
		{A2A67CBB-5A2A-4207-BFF6-0CD348379245}.Release|Any CPU.Build.0 = Release|Any CPU
		{6301E806-D84B-4678-AB6E-AACA3689113A}.Debug|Any CPU.ActiveCfg = Debug|Any CPU
		{6301E806-D84B-4678-AB6E-AACA3689113A}.Debug|Any CPU.Build.0 = Debug|Any CPU
		{6301E806-D84B-4678-AB6E-AACA3689113A}.Release|Any CPU.ActiveCfg = Release|Any CPU
		{6301E806-D84B-4678-AB6E-AACA3689113A}.Release|Any CPU.Build.0 = Release|Any CPU
		{9DC2D289-775B-47A4-BCCA-79A433A091DA}.Debug|Any CPU.ActiveCfg = Debug|Any CPU
		{9DC2D289-775B-47A4-BCCA-79A433A091DA}.Debug|Any CPU.Build.0 = Debug|Any CPU
		{9DC2D289-775B-47A4-BCCA-79A433A091DA}.Release|Any CPU.ActiveCfg = Release|Any CPU
		{9DC2D289-775B-47A4-BCCA-79A433A091DA}.Release|Any CPU.Build.0 = Release|Any CPU
		{6937D0B9-3F0C-4A2F-8B07-62A7809A2161}.Debug|Any CPU.ActiveCfg = Debug|Any CPU
		{6937D0B9-3F0C-4A2F-8B07-62A7809A2161}.Debug|Any CPU.Build.0 = Debug|Any CPU
		{6937D0B9-3F0C-4A2F-8B07-62A7809A2161}.Release|Any CPU.ActiveCfg = Release|Any CPU
		{6937D0B9-3F0C-4A2F-8B07-62A7809A2161}.Release|Any CPU.Build.0 = Release|Any CPU
		{E476304F-D323-42AB-A09D-E2A22B6CA623}.Debug|Any CPU.ActiveCfg = Debug|Any CPU
		{E476304F-D323-42AB-A09D-E2A22B6CA623}.Debug|Any CPU.Build.0 = Debug|Any CPU
		{E476304F-D323-42AB-A09D-E2A22B6CA623}.Release|Any CPU.ActiveCfg = Release|Any CPU
		{E476304F-D323-42AB-A09D-E2A22B6CA623}.Release|Any CPU.Build.0 = Release|Any CPU
		{A1829C5E-2C9F-4DAA-8413-C58B74C5D494}.Debug|Any CPU.ActiveCfg = Debug|Any CPU
		{A1829C5E-2C9F-4DAA-8413-C58B74C5D494}.Debug|Any CPU.Build.0 = Debug|Any CPU
		{A1829C5E-2C9F-4DAA-8413-C58B74C5D494}.Release|Any CPU.ActiveCfg = Release|Any CPU
		{A1829C5E-2C9F-4DAA-8413-C58B74C5D494}.Release|Any CPU.Build.0 = Release|Any CPU
		{A0FD44F8-8139-44DD-94CA-2B491F53C82C}.Debug|Any CPU.ActiveCfg = Debug|Any CPU
		{A0FD44F8-8139-44DD-94CA-2B491F53C82C}.Debug|Any CPU.Build.0 = Debug|Any CPU
		{A0FD44F8-8139-44DD-94CA-2B491F53C82C}.Release|Any CPU.ActiveCfg = Release|Any CPU
		{A0FD44F8-8139-44DD-94CA-2B491F53C82C}.Release|Any CPU.Build.0 = Release|Any CPU
		{76E9EB04-27AC-4E56-A085-E5BA6EEA4608}.Debug|Any CPU.ActiveCfg = Debug|Any CPU
		{76E9EB04-27AC-4E56-A085-E5BA6EEA4608}.Debug|Any CPU.Build.0 = Debug|Any CPU
		{76E9EB04-27AC-4E56-A085-E5BA6EEA4608}.Release|Any CPU.ActiveCfg = Release|Any CPU
		{76E9EB04-27AC-4E56-A085-E5BA6EEA4608}.Release|Any CPU.Build.0 = Release|Any CPU
		{38E30617-7F9C-4E0D-8336-4CCD80F86EAF}.Debug|Any CPU.ActiveCfg = Debug|Any CPU
		{38E30617-7F9C-4E0D-8336-4CCD80F86EAF}.Debug|Any CPU.Build.0 = Debug|Any CPU
		{38E30617-7F9C-4E0D-8336-4CCD80F86EAF}.Release|Any CPU.ActiveCfg = Release|Any CPU
		{38E30617-7F9C-4E0D-8336-4CCD80F86EAF}.Release|Any CPU.Build.0 = Release|Any CPU
	EndGlobalSection
	GlobalSection(SolutionProperties) = preSolution
		HideSolutionNode = FALSE
	EndGlobalSection
	GlobalSection(NestedProjects) = preSolution
		{6AF59D3B-125E-49FF-BC8F-9384D74BA2FD} = {1659CB1D-D361-4970-BE66-25E8969B2851}
		{1700BB90-81A7-458D-831E-6D137B62D8B8} = {1659CB1D-D361-4970-BE66-25E8969B2851}
		{875AC49E-F05E-48DB-A5FF-83ACBB09A9FD} = {1659CB1D-D361-4970-BE66-25E8969B2851}
		{81AC5347-25F5-4F72-A644-A6BB70500EB2} = {1659CB1D-D361-4970-BE66-25E8969B2851}
		{1C2DD8A6-E0A9-4BD0-9AB5-136C50FF779A} = {1659CB1D-D361-4970-BE66-25E8969B2851}
		{A11ADF09-8215-4A20-8EDD-894C969E0669} = {6AF59D3B-125E-49FF-BC8F-9384D74BA2FD}
		{A2A67CBB-5A2A-4207-BFF6-0CD348379245} = {1700BB90-81A7-458D-831E-6D137B62D8B8}
		{6301E806-D84B-4678-AB6E-AACA3689113A} = {875AC49E-F05E-48DB-A5FF-83ACBB09A9FD}
		{9DC2D289-775B-47A4-BCCA-79A433A091DA} = {1C2DD8A6-E0A9-4BD0-9AB5-136C50FF779A}
		{6937D0B9-3F0C-4A2F-8B07-62A7809A2161} = {81AC5347-25F5-4F72-A644-A6BB70500EB2}
		{E476304F-D323-42AB-A09D-E2A22B6CA623} = {61B2F786-9285-4547-B78A-CF9D0AE97DF0}
		{A1829C5E-2C9F-4DAA-8413-C58B74C5D494} = {D052C4CF-949A-419C-869F-8907D3F386EA}
		{A0FD44F8-8139-44DD-94CA-2B491F53C82C} = {D052C4CF-949A-419C-869F-8907D3F386EA}
		{76E9EB04-27AC-4E56-A085-E5BA6EEA4608} = {D052C4CF-949A-419C-869F-8907D3F386EA}
		{38E30617-7F9C-4E0D-8336-4CCD80F86EAF} = {81AC5347-25F5-4F72-A644-A6BB70500EB2}
	EndGlobalSection
EndGlobal
