
Microsoft Visual Studio Solution File, Format Version 12.00
# Visual Studio 14
VisualStudioVersion = 14.0.25420.1
MinimumVisualStudioVersion = 10.0.40219.1
Project("{2150E333-8FDC-42A3-9474-1A3956D46DE8}") = "1-Ignition.Foundation", "1-Ignition.Foundation", "{1659CB1D-D361-4970-BE66-25E8969B2851}"
EndProject
Project("{FAE04EC0-301F-11D3-BF4B-00C04F79EFBC}") = "Ignition.Foundation.Core", "Ignition.Core\Ignition.Foundation.Core.csproj", "{A11ADF09-8215-4A20-8EDD-894C969E0669}"
EndProject
Project("{FAE04EC0-301F-11D3-BF4B-00C04F79EFBC}") = "Ignition.Foundation.Data", "Ignition.Data\Ignition.Foundation.Data.csproj", "{A2A67CBB-5A2A-4207-BFF6-0CD348379245}"
EndProject
Project("{FAE04EC0-301F-11D3-BF4B-00C04F79EFBC}") = "Ignition.Foundation.Infrastructure", "Ignition.Infrastructure\Ignition.Foundation.Infrastructure.csproj", "{6301E806-D84B-4678-AB6E-AACA3689113A}"
EndProject
Project("{FAE04EC0-301F-11D3-BF4B-00C04F79EFBC}") = "Ignition.Project.CompositionRoot", "Ignition.Root\Ignition.Project.CompositionRoot.csproj", "{9DC2D289-775B-47A4-BCCA-79A433A091DA}"
EndProject
Project("{FAE04EC0-301F-11D3-BF4B-00C04F79EFBC}") = "Ignition.Project.IgnitionDemo.Sc", "Ignition.Sc\Ignition.Project.IgnitionDemo.Sc.csproj", "{6937D0B9-3F0C-4A2F-8B07-62A7809A2161}"
EndProject
Project("{2150E333-8FDC-42A3-9474-1A3956D46DE8}") = "Tests", "Tests", "{D052C4CF-949A-419C-869F-8907D3F386EA}"
EndProject
Project("{FAE04EC0-301F-11D3-BF4B-00C04F79EFBC}") = "Ignition.UnitTests", "Ignition.UnitTests\Ignition.UnitTests.csproj", "{A1829C5E-2C9F-4DAA-8413-C58B74C5D494}"
EndProject
Project("{FAE04EC0-301F-11D3-BF4B-00C04F79EFBC}") = "Ignition.Mocks", "Ignition.Mocks\Ignition.Mocks.csproj", "{A0FD44F8-8139-44DD-94CA-2B491F53C82C}"
EndProject
Project("{FAE04EC0-301F-11D3-BF4B-00C04F79EFBC}") = "Ignition.IntegrationTests", "Ignition.IntegrationTests\Ignition.IntegrationTests.csproj", "{76E9EB04-27AC-4E56-A085-E5BA6EEA4608}"
EndProject
Project("{2150E333-8FDC-42A3-9474-1A3956D46DE8}") = "3-Ignition.Project", "3-Ignition.Project", "{9560ED89-9F98-4E46-922C-11EDF71EA15D}"
EndProject
Project("{2150E333-8FDC-42A3-9474-1A3956D46DE8}") = "2-Ignition.Feature", "2-Ignition.Feature", "{1AF91020-DA7C-47F5-A2C2-D5A91B95FA90}"
EndProject
Project("{2150E333-8FDC-42A3-9474-1A3956D46DE8}") = "IgnitionDemo", "IgnitionDemo", "{9E7264EA-86FC-44BE-A6A3-586F650956B2}"
EndProject
Project("{2150E333-8FDC-42A3-9474-1A3956D46DE8}") = "Core", "Core", "{10688C68-EE20-4649-9D6B-22891EBA37E9}"
EndProject
Project("{2150E333-8FDC-42A3-9474-1A3956D46DE8}") = "Data", "Data", "{AB9AE2D9-A23B-4607-ABE4-123B667BF5A4}"
EndProject
Project("{2150E333-8FDC-42A3-9474-1A3956D46DE8}") = "Infrastructure", "Infrastructure", "{156386CB-F37D-47C4-B8C7-98250EA303C1}"
EndProject
Project("{2150E333-8FDC-42A3-9474-1A3956D46DE8}") = "Testing", "Testing", "{35D4D2BB-E705-4FEC-AAD2-7DB15EA88717}"
EndProject
Project("{FAE04EC0-301F-11D3-BF4B-00C04F79EFBC}") = "Ignition.Feature.Structure", "Ignition.Feature.Structure\Ignition.Feature.Structure.csproj", "{5003EDAC-1BB8-408E-82D4-6E125001917B}"
EndProject
Global
	GlobalSection(SolutionConfigurationPlatforms) = preSolution
		Debug|Any CPU = Debug|Any CPU
		Release|Any CPU = Release|Any CPU
	EndGlobalSection
	GlobalSection(ProjectConfigurationPlatforms) = postSolution
		{A11ADF09-8215-4A20-8EDD-894C969E0669}.Debug|Any CPU.ActiveCfg = Debug|Any CPU
		{A11ADF09-8215-4A20-8EDD-894C969E0669}.Debug|Any CPU.Build.0 = Debug|Any CPU
		{A11ADF09-8215-4A20-8EDD-894C969E0669}.Release|Any CPU.ActiveCfg = Release|Any CPU
		{A11ADF09-8215-4A20-8EDD-894C969E0669}.Release|Any CPU.Build.0 = Release|Any CPU
		{A2A67CBB-5A2A-4207-BFF6-0CD348379245}.Debug|Any CPU.ActiveCfg = Debug|Any CPU
		{A2A67CBB-5A2A-4207-BFF6-0CD348379245}.Debug|Any CPU.Build.0 = Debug|Any CPU
		{A2A67CBB-5A2A-4207-BFF6-0CD348379245}.Release|Any CPU.ActiveCfg = Release|Any CPU
		{A2A67CBB-5A2A-4207-BFF6-0CD348379245}.Release|Any CPU.Build.0 = Release|Any CPU
		{6301E806-D84B-4678-AB6E-AACA3689113A}.Debug|Any CPU.ActiveCfg = Debug|Any CPU
		{6301E806-D84B-4678-AB6E-AACA3689113A}.Debug|Any CPU.Build.0 = Debug|Any CPU
		{6301E806-D84B-4678-AB6E-AACA3689113A}.Release|Any CPU.ActiveCfg = Release|Any CPU
		{6301E806-D84B-4678-AB6E-AACA3689113A}.Release|Any CPU.Build.0 = Release|Any CPU
		{9DC2D289-775B-47A4-BCCA-79A433A091DA}.Debug|Any CPU.ActiveCfg = Debug|Any CPU
		{9DC2D289-775B-47A4-BCCA-79A433A091DA}.Debug|Any CPU.Build.0 = Debug|Any CPU
		{9DC2D289-775B-47A4-BCCA-79A433A091DA}.Release|Any CPU.ActiveCfg = Release|Any CPU
		{9DC2D289-775B-47A4-BCCA-79A433A091DA}.Release|Any CPU.Build.0 = Release|Any CPU
		{6937D0B9-3F0C-4A2F-8B07-62A7809A2161}.Debug|Any CPU.ActiveCfg = Debug|Any CPU
		{6937D0B9-3F0C-4A2F-8B07-62A7809A2161}.Debug|Any CPU.Build.0 = Debug|Any CPU
		{6937D0B9-3F0C-4A2F-8B07-62A7809A2161}.Release|Any CPU.ActiveCfg = Release|Any CPU
		{6937D0B9-3F0C-4A2F-8B07-62A7809A2161}.Release|Any CPU.Build.0 = Release|Any CPU
		{A1829C5E-2C9F-4DAA-8413-C58B74C5D494}.Debug|Any CPU.ActiveCfg = Debug|Any CPU
		{A1829C5E-2C9F-4DAA-8413-C58B74C5D494}.Debug|Any CPU.Build.0 = Debug|Any CPU
		{A1829C5E-2C9F-4DAA-8413-C58B74C5D494}.Release|Any CPU.ActiveCfg = Release|Any CPU
		{A1829C5E-2C9F-4DAA-8413-C58B74C5D494}.Release|Any CPU.Build.0 = Release|Any CPU
		{A0FD44F8-8139-44DD-94CA-2B491F53C82C}.Debug|Any CPU.ActiveCfg = Debug|Any CPU
		{A0FD44F8-8139-44DD-94CA-2B491F53C82C}.Debug|Any CPU.Build.0 = Debug|Any CPU
		{A0FD44F8-8139-44DD-94CA-2B491F53C82C}.Release|Any CPU.ActiveCfg = Release|Any CPU
		{A0FD44F8-8139-44DD-94CA-2B491F53C82C}.Release|Any CPU.Build.0 = Release|Any CPU
		{76E9EB04-27AC-4E56-A085-E5BA6EEA4608}.Debug|Any CPU.ActiveCfg = Debug|Any CPU
		{76E9EB04-27AC-4E56-A085-E5BA6EEA4608}.Debug|Any CPU.Build.0 = Debug|Any CPU
		{76E9EB04-27AC-4E56-A085-E5BA6EEA4608}.Release|Any CPU.ActiveCfg = Release|Any CPU
		{76E9EB04-27AC-4E56-A085-E5BA6EEA4608}.Release|Any CPU.Build.0 = Release|Any CPU
		{5003EDAC-1BB8-408E-82D4-6E125001917B}.Debug|Any CPU.ActiveCfg = Debug|Any CPU
		{5003EDAC-1BB8-408E-82D4-6E125001917B}.Debug|Any CPU.Build.0 = Debug|Any CPU
		{5003EDAC-1BB8-408E-82D4-6E125001917B}.Release|Any CPU.ActiveCfg = Release|Any CPU
		{5003EDAC-1BB8-408E-82D4-6E125001917B}.Release|Any CPU.Build.0 = Release|Any CPU
	EndGlobalSection
	GlobalSection(SolutionProperties) = preSolution
		HideSolutionNode = FALSE
	EndGlobalSection
	GlobalSection(NestedProjects) = preSolution
		{A11ADF09-8215-4A20-8EDD-894C969E0669} = {10688C68-EE20-4649-9D6B-22891EBA37E9}
		{A2A67CBB-5A2A-4207-BFF6-0CD348379245} = {AB9AE2D9-A23B-4607-ABE4-123B667BF5A4}
		{6301E806-D84B-4678-AB6E-AACA3689113A} = {156386CB-F37D-47C4-B8C7-98250EA303C1}
		{9DC2D289-775B-47A4-BCCA-79A433A091DA} = {9560ED89-9F98-4E46-922C-11EDF71EA15D}
		{6937D0B9-3F0C-4A2F-8B07-62A7809A2161} = {9E7264EA-86FC-44BE-A6A3-586F650956B2}
		{D052C4CF-949A-419C-869F-8907D3F386EA} = {9560ED89-9F98-4E46-922C-11EDF71EA15D}
		{A1829C5E-2C9F-4DAA-8413-C58B74C5D494} = {D052C4CF-949A-419C-869F-8907D3F386EA}
		{A0FD44F8-8139-44DD-94CA-2B491F53C82C} = {35D4D2BB-E705-4FEC-AAD2-7DB15EA88717}
		{76E9EB04-27AC-4E56-A085-E5BA6EEA4608} = {D052C4CF-949A-419C-869F-8907D3F386EA}
		{9E7264EA-86FC-44BE-A6A3-586F650956B2} = {9560ED89-9F98-4E46-922C-11EDF71EA15D}
		{10688C68-EE20-4649-9D6B-22891EBA37E9} = {1659CB1D-D361-4970-BE66-25E8969B2851}
		{AB9AE2D9-A23B-4607-ABE4-123B667BF5A4} = {1659CB1D-D361-4970-BE66-25E8969B2851}
		{156386CB-F37D-47C4-B8C7-98250EA303C1} = {1659CB1D-D361-4970-BE66-25E8969B2851}
		{35D4D2BB-E705-4FEC-AAD2-7DB15EA88717} = {1659CB1D-D361-4970-BE66-25E8969B2851}
		{5003EDAC-1BB8-408E-82D4-6E125001917B} = {1AF91020-DA7C-47F5-A2C2-D5A91B95FA90}
	EndGlobalSection
EndGlobal
