
Microsoft Visual Studio Solution File, Format Version 12.00
# Visual Studio 14
VisualStudioVersion = 14.0.25420.1
MinimumVisualStudioVersion = 10.0.40219.1
Project("{2150E333-8FDC-42A3-9474-1A3956D46DE8}") = "1-Ignition.Foundation", "1-Ignition.Foundation", "{1659CB1D-D361-4970-BE66-25E8969B2851}"
EndProject
Project("{FAE04EC0-301F-11D3-BF4B-00C04F79EFBC}") = "Ignition.Mocks", "Ignition.Mocks\Ignition.Mocks.csproj", "{A0FD44F8-8139-44DD-94CA-2B491F53C82C}"
EndProject
Project("{2150E333-8FDC-42A3-9474-1A3956D46DE8}") = "3-Ignition.Project", "3-Ignition.Project", "{9560ED89-9F98-4E46-922C-11EDF71EA15D}"
EndProject
Project("{2150E333-8FDC-42A3-9474-1A3956D46DE8}") = "2-Ignition.Feature", "2-Ignition.Feature", "{1AF91020-DA7C-47F5-A2C2-D5A91B95FA90}"
EndProject
Project("{2150E333-8FDC-42A3-9474-1A3956D46DE8}") = "IgnitionDemo", "IgnitionDemo", "{9E7264EA-86FC-44BE-A6A3-586F650956B2}"
EndProject
Project("{2150E333-8FDC-42A3-9474-1A3956D46DE8}") = "Core", "Core", "{10688C68-EE20-4649-9D6B-22891EBA37E9}"
EndProject
Project("{2150E333-8FDC-42A3-9474-1A3956D46DE8}") = "Data", "Data", "{AB9AE2D9-A23B-4607-ABE4-123B667BF5A4}"
EndProject
Project("{2150E333-8FDC-42A3-9474-1A3956D46DE8}") = "Infrastructure", "Infrastructure", "{156386CB-F37D-47C4-B8C7-98250EA303C1}"
EndProject
Project("{2150E333-8FDC-42A3-9474-1A3956D46DE8}") = "Testing", "Testing", "{35D4D2BB-E705-4FEC-AAD2-7DB15EA88717}"
EndProject
Project("{FAE04EC0-301F-11D3-BF4B-00C04F79EFBC}") = "Ignition.Feature.Content", "Ignition.Feature.Content\Ignition.Feature.Content.csproj", "{3D0F977F-AE32-465C-9EB4-C0FBF70803FD}"
EndProject
Project("{FAE04EC0-301F-11D3-BF4B-00C04F79EFBC}") = "Ignition.Feature.News", "Ignition.Feature.News\Ignition.Feature.News.csproj", "{EEFCBD25-2201-4229-A9A2-FA89B84FD3B1}"
EndProject
Project("{FAE04EC0-301F-11D3-BF4B-00C04F79EFBC}") = "__FeatureTemplate", "_FeatureTemplate\__FeatureTemplate.csproj", "{E47B8A34-36A5-4D73-8887-8B6648FBD276}"
EndProject
Project("{FAE04EC0-301F-11D3-BF4B-00C04F79EFBC}") = "Ignition.Feature.Product", "Ignition.Feature.Product\Ignition.Feature.Product.csproj", "{2C446DD2-DA5C-49FA-A6C0-74AF17A64F16}"
EndProject
Project("{FAE04EC0-301F-11D3-BF4B-00C04F79EFBC}") = "Ignition.Feature.FormIgnition", "Ignition.Feature.FormIgnition\Ignition.Feature.FormIgnition.csproj", "{38E30617-7F9C-4E0D-8336-4CCD80F86EAF}"
EndProject
Project("{FAE04EC0-301F-11D3-BF4B-00C04F79EFBC}") = "Ignition.Project.IgnitionDemo.Sc", "Ignition.Project.IgnitionDemo.Sc\Ignition.Project.IgnitionDemo.Sc.csproj", "{6937D0B9-3F0C-4A2F-8B07-62A7809A2161}"
EndProject
Project("{FAE04EC0-301F-11D3-BF4B-00C04F79EFBC}") = "Ignition.Project.CompositionRoot", "Ignition.Project.CompositionRoot\Ignition.Project.CompositionRoot.csproj", "{9DC2D289-775B-47A4-BCCA-79A433A091DA}"
EndProject
Project("{FAE04EC0-301F-11D3-BF4B-00C04F79EFBC}") = "_Ignition.Feature.Core", "Ignition.Feature.Core\_Ignition.Feature.Core.csproj", "{B1846BDB-5BBF-4482-AC05-57DE7DF04476}"
EndProject
Project("{FAE04EC0-301F-11D3-BF4B-00C04F79EFBC}") = "_Ignition.Foundation.Core", "Ignition.Foundation.Core\_Ignition.Foundation.Core.csproj", "{A11ADF09-8215-4A20-8EDD-894C969E0669}"
EndProject
Project("{FAE04EC0-301F-11D3-BF4B-00C04F79EFBC}") = "_Ignition.Foundation.Data", "Ignition.Foundation.Data\_Ignition.Foundation.Data.csproj", "{A2A67CBB-5A2A-4207-BFF6-0CD348379245}"
EndProject
Project("{FAE04EC0-301F-11D3-BF4B-00C04F79EFBC}") = "_Ignition.Foundation.Infrastructure", "Ignition.Foundation.Infrastructure\_Ignition.Foundation.Infrastructure.csproj", "{6301E806-D84B-4678-AB6E-AACA3689113A}"
EndProject
Global
	GlobalSection(SolutionConfigurationPlatforms) = preSolution
		Debug|Any CPU = Debug|Any CPU
		Release|Any CPU = Release|Any CPU
	EndGlobalSection
	GlobalSection(ProjectConfigurationPlatforms) = postSolution
		{A0FD44F8-8139-44DD-94CA-2B491F53C82C}.Debug|Any CPU.ActiveCfg = Debug|Any CPU
		{A0FD44F8-8139-44DD-94CA-2B491F53C82C}.Debug|Any CPU.Build.0 = Debug|Any CPU
		{A0FD44F8-8139-44DD-94CA-2B491F53C82C}.Release|Any CPU.ActiveCfg = Release|Any CPU
		{A0FD44F8-8139-44DD-94CA-2B491F53C82C}.Release|Any CPU.Build.0 = Release|Any CPU
		{3D0F977F-AE32-465C-9EB4-C0FBF70803FD}.Debug|Any CPU.ActiveCfg = Debug|Any CPU
		{3D0F977F-AE32-465C-9EB4-C0FBF70803FD}.Debug|Any CPU.Build.0 = Debug|Any CPU
		{3D0F977F-AE32-465C-9EB4-C0FBF70803FD}.Release|Any CPU.ActiveCfg = Release|Any CPU
		{3D0F977F-AE32-465C-9EB4-C0FBF70803FD}.Release|Any CPU.Build.0 = Release|Any CPU
		{EEFCBD25-2201-4229-A9A2-FA89B84FD3B1}.Debug|Any CPU.ActiveCfg = Debug|Any CPU
		{EEFCBD25-2201-4229-A9A2-FA89B84FD3B1}.Debug|Any CPU.Build.0 = Debug|Any CPU
		{EEFCBD25-2201-4229-A9A2-FA89B84FD3B1}.Release|Any CPU.ActiveCfg = Release|Any CPU
		{EEFCBD25-2201-4229-A9A2-FA89B84FD3B1}.Release|Any CPU.Build.0 = Release|Any CPU
		{E47B8A34-36A5-4D73-8887-8B6648FBD276}.Debug|Any CPU.ActiveCfg = Debug|Any CPU
		{E47B8A34-36A5-4D73-8887-8B6648FBD276}.Release|Any CPU.ActiveCfg = Release|Any CPU
		{2C446DD2-DA5C-49FA-A6C0-74AF17A64F16}.Debug|Any CPU.ActiveCfg = Debug|Any CPU
		{2C446DD2-DA5C-49FA-A6C0-74AF17A64F16}.Debug|Any CPU.Build.0 = Debug|Any CPU
		{2C446DD2-DA5C-49FA-A6C0-74AF17A64F16}.Release|Any CPU.ActiveCfg = Release|Any CPU
		{2C446DD2-DA5C-49FA-A6C0-74AF17A64F16}.Release|Any CPU.Build.0 = Release|Any CPU
		{38E30617-7F9C-4E0D-8336-4CCD80F86EAF}.Debug|Any CPU.ActiveCfg = Debug|Any CPU
		{38E30617-7F9C-4E0D-8336-4CCD80F86EAF}.Debug|Any CPU.Build.0 = Debug|Any CPU
		{38E30617-7F9C-4E0D-8336-4CCD80F86EAF}.Release|Any CPU.ActiveCfg = Release|Any CPU
		{38E30617-7F9C-4E0D-8336-4CCD80F86EAF}.Release|Any CPU.Build.0 = Release|Any CPU
		{6937D0B9-3F0C-4A2F-8B07-62A7809A2161}.Debug|Any CPU.ActiveCfg = Debug|Any CPU
		{6937D0B9-3F0C-4A2F-8B07-62A7809A2161}.Debug|Any CPU.Build.0 = Debug|Any CPU
		{6937D0B9-3F0C-4A2F-8B07-62A7809A2161}.Release|Any CPU.ActiveCfg = Release|Any CPU
		{6937D0B9-3F0C-4A2F-8B07-62A7809A2161}.Release|Any CPU.Build.0 = Release|Any CPU
		{9DC2D289-775B-47A4-BCCA-79A433A091DA}.Debug|Any CPU.ActiveCfg = Debug|Any CPU
		{9DC2D289-775B-47A4-BCCA-79A433A091DA}.Debug|Any CPU.Build.0 = Debug|Any CPU
		{9DC2D289-775B-47A4-BCCA-79A433A091DA}.Release|Any CPU.ActiveCfg = Release|Any CPU
		{9DC2D289-775B-47A4-BCCA-79A433A091DA}.Release|Any CPU.Build.0 = Release|Any CPU
		{B1846BDB-5BBF-4482-AC05-57DE7DF04476}.Debug|Any CPU.ActiveCfg = Debug|Any CPU
		{B1846BDB-5BBF-4482-AC05-57DE7DF04476}.Debug|Any CPU.Build.0 = Debug|Any CPU
		{B1846BDB-5BBF-4482-AC05-57DE7DF04476}.Release|Any CPU.ActiveCfg = Release|Any CPU
		{B1846BDB-5BBF-4482-AC05-57DE7DF04476}.Release|Any CPU.Build.0 = Release|Any CPU
		{A11ADF09-8215-4A20-8EDD-894C969E0669}.Debug|Any CPU.ActiveCfg = Debug|Any CPU
		{A11ADF09-8215-4A20-8EDD-894C969E0669}.Debug|Any CPU.Build.0 = Debug|Any CPU
		{A11ADF09-8215-4A20-8EDD-894C969E0669}.Release|Any CPU.ActiveCfg = Release|Any CPU
		{A11ADF09-8215-4A20-8EDD-894C969E0669}.Release|Any CPU.Build.0 = Release|Any CPU
		{A2A67CBB-5A2A-4207-BFF6-0CD348379245}.Debug|Any CPU.ActiveCfg = Debug|Any CPU
		{A2A67CBB-5A2A-4207-BFF6-0CD348379245}.Debug|Any CPU.Build.0 = Debug|Any CPU
		{A2A67CBB-5A2A-4207-BFF6-0CD348379245}.Release|Any CPU.ActiveCfg = Release|Any CPU
		{A2A67CBB-5A2A-4207-BFF6-0CD348379245}.Release|Any CPU.Build.0 = Release|Any CPU
		{6301E806-D84B-4678-AB6E-AACA3689113A}.Debug|Any CPU.ActiveCfg = Debug|Any CPU
		{6301E806-D84B-4678-AB6E-AACA3689113A}.Debug|Any CPU.Build.0 = Debug|Any CPU
		{6301E806-D84B-4678-AB6E-AACA3689113A}.Release|Any CPU.ActiveCfg = Release|Any CPU
		{6301E806-D84B-4678-AB6E-AACA3689113A}.Release|Any CPU.Build.0 = Release|Any CPU
	EndGlobalSection
	GlobalSection(SolutionProperties) = preSolution
		HideSolutionNode = FALSE
	EndGlobalSection
	GlobalSection(NestedProjects) = preSolution
		{A0FD44F8-8139-44DD-94CA-2B491F53C82C} = {35D4D2BB-E705-4FEC-AAD2-7DB15EA88717}
		{9E7264EA-86FC-44BE-A6A3-586F650956B2} = {9560ED89-9F98-4E46-922C-11EDF71EA15D}
		{10688C68-EE20-4649-9D6B-22891EBA37E9} = {1659CB1D-D361-4970-BE66-25E8969B2851}
		{AB9AE2D9-A23B-4607-ABE4-123B667BF5A4} = {1659CB1D-D361-4970-BE66-25E8969B2851}
		{156386CB-F37D-47C4-B8C7-98250EA303C1} = {1659CB1D-D361-4970-BE66-25E8969B2851}
		{35D4D2BB-E705-4FEC-AAD2-7DB15EA88717} = {1659CB1D-D361-4970-BE66-25E8969B2851}
		{3D0F977F-AE32-465C-9EB4-C0FBF70803FD} = {1AF91020-DA7C-47F5-A2C2-D5A91B95FA90}
		{EEFCBD25-2201-4229-A9A2-FA89B84FD3B1} = {1AF91020-DA7C-47F5-A2C2-D5A91B95FA90}
		{E47B8A34-36A5-4D73-8887-8B6648FBD276} = {1AF91020-DA7C-47F5-A2C2-D5A91B95FA90}
		{2C446DD2-DA5C-49FA-A6C0-74AF17A64F16} = {1AF91020-DA7C-47F5-A2C2-D5A91B95FA90}
		{38E30617-7F9C-4E0D-8336-4CCD80F86EAF} = {1AF91020-DA7C-47F5-A2C2-D5A91B95FA90}
		{6937D0B9-3F0C-4A2F-8B07-62A7809A2161} = {9E7264EA-86FC-44BE-A6A3-586F650956B2}
		{9DC2D289-775B-47A4-BCCA-79A433A091DA} = {9560ED89-9F98-4E46-922C-11EDF71EA15D}
		{B1846BDB-5BBF-4482-AC05-57DE7DF04476} = {1AF91020-DA7C-47F5-A2C2-D5A91B95FA90}
		{A11ADF09-8215-4A20-8EDD-894C969E0669} = {10688C68-EE20-4649-9D6B-22891EBA37E9}
		{A2A67CBB-5A2A-4207-BFF6-0CD348379245} = {AB9AE2D9-A23B-4607-ABE4-123B667BF5A4}
		{6301E806-D84B-4678-AB6E-AACA3689113A} = {156386CB-F37D-47C4-B8C7-98250EA303C1}
	EndGlobalSection
EndGlobal
